Microsoft Visual Studio Solution File, Format Version 11.00
# Visual Studio 2008

Project("{732DE8BD-4F62-E908-C9C7-1F85FCD3343C}") = "HackRU", "Assembly-CSharp-firstpass.csproj", "{F2453616-D6FF-A418-6695-17CF8C3DFAD0}"
EndProject
Project("{732DE8BD-4F62-E908-C9C7-1F85FCD3343C}") = "HackRU", "Assembly-CSharp.csproj", "{298CC89D-3117-3030-7F8C-664303031F82}"
EndProject
Project("{732DE8BD-4F62-E908-C9C7-1F85FCD3343C}") = "HackRU", "Assembly-CSharp-Editor.csproj", "{6E054E3B-637A-5692-182D-194FE5E6704E}"
EndProject
Global
	GlobalSection(SolutionConfigurationPlatforms) = preSolution
		Debug|Any CPU = Debug|Any CPU
		Release|Any CPU = Release|Any CPU
	EndGlobalSection
	GlobalSection(ProjectConfigurationPlatforms) = postSolution
		{F2453616-D6FF-A418-6695-17CF8C3DFAD0}.Debug|Any CPU.ActiveCfg = Debug|Any CPU
		{F2453616-D6FF-A418-6695-17CF8C3DFAD0}.Debug|Any CPU.Build.0 = Debug|Any CPU
		{F2453616-D6FF-A418-6695-17CF8C3DFAD0}.Release|Any CPU.ActiveCfg = Release|Any CPU
		{F2453616-D6FF-A418-6695-17CF8C3DFAD0}.Release|Any CPU.Build.0 = Release|Any CPU
		{298CC89D-3117-3030-7F8C-664303031F82}.Debug|Any CPU.ActiveCfg = Debug|Any CPU
		{298CC89D-3117-3030-7F8C-664303031F82}.Debug|Any CPU.Build.0 = Debug|Any CPU
		{298CC89D-3117-3030-7F8C-664303031F82}.Release|Any CPU.ActiveCfg = Release|Any CPU
		{298CC89D-3117-3030-7F8C-664303031F82}.Release|Any CPU.Build.0 = Release|Any CPU
		{6E054E3B-637A-5692-182D-194FE5E6704E}.Debug|Any CPU.ActiveCfg = Debug|Any CPU
		{6E054E3B-637A-5692-182D-194FE5E6704E}.Debug|Any CPU.Build.0 = Debug|Any CPU
		{6E054E3B-637A-5692-182D-194FE5E6704E}.Release|Any CPU.ActiveCfg = Release|Any CPU
		{6E054E3B-637A-5692-182D-194FE5E6704E}.Release|Any CPU.Build.0 = Release|Any CPU
	EndGlobalSection
	GlobalSection(SolutionProperties) = preSolution
		HideSolutionNode = FALSE
	EndGlobalSection
	GlobalSection(MonoDevelopProperties) = preSolution
		StartupItem = Assembly-CSharp.csproj
		Policies = $0
		$0.TextStylePolicy = $1
		$1.inheritsSet = null
		$1.scope = text/x-csharp
		$0.CSharpFormattingPolicy = $2
		$2.inheritsSet = Mono
		$2.inheritsScope = text/x-csharp
		$2.scope = text/x-csharp
		$0.TextStylePolicy = $3
		$3.FileWidth = 120
		$3.TabWidth = 4
		$3.IndentWidth = 4
		$3.EolMarker = Unix
		$3.inheritsSet = Mono
		$3.inheritsScope = text/plain
		$3.scope = text/plain
	EndGlobalSection
EndGlobal
